<?xml version="1.0" encoding="utf-8"?>
<Project ToolsVersion="4.0" xmlns="http://schemas.microsoft.com/developer/msbuild/2003">
  <ItemGroup>
    <Filter Include="Platform">
      <UniqueIdentifier>{2AC788B4-1694-E3BF-3FAD-D1672BD9184E}</UniqueIdentifier>
    </Filter>
    <Filter Include="UniEngine">
      <UniqueIdentifier>{E7364F5F-53A1-03D6-9CDF-B47B0889E12A}</UniqueIdentifier>
    </Filter>
    <Filter Include="UniEngine\Events">
      <UniqueIdentifier>{EB38330E-D731-5260-0064-37E5ECBB316C}</UniqueIdentifier>
    </Filter>
  </ItemGroup>
  <ItemGroup>
    <ClInclude Include="src\Platform\WindowsWindow.h">
      <Filter>Platform</Filter>
    </ClInclude>
    <ClInclude Include="src\UniEngine\Application.h">
      <Filter>UniEngine</Filter>
    </ClInclude>
    <ClInclude Include="src\UniEngine\Core.h">
      <Filter>UniEngine</Filter>
    </ClInclude>
    <ClInclude Include="src\UniEngine\EntryPoint.h">
      <Filter>UniEngine</Filter>
    </ClInclude>
    <ClInclude Include="src\UniEngine\Events\ApplicationEvents.h">
      <Filter>UniEngine\Events</Filter>
    </ClInclude>
    <ClInclude Include="src\UniEngine\Events\Events.h">
      <Filter>UniEngine\Events</Filter>
    </ClInclude>
    <ClInclude Include="src\UniEngine\Events\KeyEvents.h">
      <Filter>UniEngine\Events</Filter>
    </ClInclude>
    <ClInclude Include="src\UniEngine\Events\MouseEvents.h">
      <Filter>UniEngine\Events</Filter>
    </ClInclude>
    <ClInclude Include="src\UniEngine\Log.h">
      <Filter>UniEngine</Filter>
    </ClInclude>
    <ClInclude Include="src\UniEngine\Window.h">
      <Filter>UniEngine</Filter>
    </ClInclude>
    <ClInclude Include="src\UniHeaders.h" />
    <ClInclude Include="src\uepch.h" />
    <ClInclude Include="src\UniEngine\LayerStack.h" />
    <ClInclude Include="src\UniEngine\Layer.h" />
  </ItemGroup>
  <ItemGroup>
    <ClCompile Include="src\Platform\WindowsWindow.cpp">
      <Filter>Platform</Filter>
    </ClCompile>
    <ClCompile Include="src\UniEngine\Application.cpp">
      <Filter>UniEngine</Filter>
    </ClCompile>
    <ClCompile Include="src\UniEngine\Log.cpp">
      <Filter>UniEngine</Filter>
    </ClCompile>
    <ClCompile Include="src\uepch.cpp" />
    <ClCompile Include="src\UniEngine\LayerStack.cpp" />
    <ClCompile Include="src\UniEngine\Layer.cpp" />
  </ItemGroup>
</Project>